# @generated - this file is auto-generated by `mise lock` https://mise.jdx.dev/dev-tools/mise-lock.html

lockfile_version = 1

[[tools.actionlint]]
version = "1.7.8"
backend = "aqua:rhysd/actionlint"
specifiers = ["1.7.8"]

[tools.actionlint."platforms.linux-x64"]
checksum = "sha256:be92c2652ab7b6d08425428797ceabeb16e31a781c07bc388456b4e592f3e36a"
url = "https://github.com/rhysd/actionlint/releases/download/v1.7.8/actionlint_1.7.8_linux_amd64.tar.gz"
url_api = "https://api.github.com/repos/rhysd/actionlint/releases/assets/303046369"

[tools.actionlint."platforms.macos-arm64"]
checksum = "sha256:ffb1f6c429a51dc9f37af9d11f96c16bd52f54b713bf7f8bd92f7fce9fd4284a"
url = "https://github.com/rhysd/actionlint/releases/download/v1.7.8/actionlint_1.7.8_darwin_arm64.tar.gz"
url_api = "https://api.github.com/repos/rhysd/actionlint/releases/assets/303046366"

[[tools."aqua:astral-sh/uv"]]
version = "0.12.10"
backend = "aqua:astral-sh/uv"
specifiers = ["0.12.10"]

[tools."aqua:astral-sh/uv"."platforms.linux-x64"]
checksum = "sha256:173d95a0c32d18c896c46ba6fafbf3cf9c14ab74b033f81b76c883ef492a976b"
url = "https://github.com/astral-sh/uv/releases/download/0.12.10/uv-x86_64-unknown-linux-gnu.tar.gz"
url_api = "https://api.github.com/repos/astral-sh/uv/releases/assets/545034465"

[tools."aqua:astral-sh/uv"."platforms.macos-arm64"]
checksum = "sha256:51c6170e8e3a01cef9f33b94f582b7b81ac65046f55d40afb35f9cff5a68c179"
url = "https://github.com/astral-sh/uv/releases/download/0.12.10/uv-aarch64-apple-darwin.tar.gz"
url_api = "https://api.github.com/repos/astral-sh/uv/releases/assets/545034336"

[[tools.dprint]]
version = "0.57.4"
backend = "aqua:dprint/dprint"
specifiers = ["0.57.4"]

[tools.dprint."platforms.linux-x64"]
checksum = "sha256:1d26357d8bc66898d4ecc7dafca3d2971cfe222ba487228bd2ce5c3b3a309c33"
url = "https://github.com/dprint/dprint/releases/download/0.57.4/dprint-x86_64-unknown-linux-gnu.zip"
url_api = "https://api.github.com/repos/dprint/dprint/releases/assets/546351175"

[tools.dprint."platforms.macos-arm64"]
checksum = "sha256:f9e752812791f258e89ff88a7affd05c793b0db3d929718651eae7df5f19eb2e"
url = "https://github.com/dprint/dprint/releases/download/0.57.4/dprint-aarch64-apple-darwin.zip"
url_api = "https://api.github.com/repos/dprint/dprint/releases/assets/546351171"

[[tools.gitleaks]]
version = "8.30.1"
backend = "aqua:gitleaks/gitleaks"
specifiers = ["8.30.1"]

[tools.gitleaks."platforms.linux-x64"]
checksum = "sha256:551f6fc83ea457d62a0d98237cbad105af8d557003051f41f3e7ca7b3f2470eb"
url = "https://github.com/gitleaks/gitleaks/releases/download/v8.30.1/gitleaks_8.30.1_linux_x64.tar.gz"
url_api = "https://api.github.com/repos/gitleaks/gitleaks/releases/assets/378332058"

[tools.gitleaks."platforms.macos-arm64"]
checksum = "sha256:b40ab0ae55c505963e365f271a8d3846efbc170aa17f2607f13df610a9aeb6a5"
url = "https://github.com/gitleaks/gitleaks/releases/download/v8.30.1/gitleaks_8.30.1_darwin_arm64.tar.gz"
url_api = "https://api.github.com/repos/gitleaks/gitleaks/releases/assets/378332059"

[[tools.hadolint]]
version = "2.15.1"
backend = "aqua:hadolint/hadolint"
specifiers = ["2.15.1"]

[tools.hadolint."platforms.linux-x64"]
checksum = "sha256:c7187db94eeeeca956519a6af171adc31453941a1e777961f6e680f697c8c507"
url = "https://github.com/hadolint/hadolint/releases/download/v2.15.1/hadolint-linux-x86_64"
url_api = "https://api.github.com/repos/hadolint/hadolint/releases/assets/496546506"

[tools.hadolint."platforms.macos-arm64"]
checksum = "sha256:5c09f3213f8e40406abe048233d985eebef336d4a6a20021be47fadb6cf480a2"
url = "https://github.com/hadolint/hadolint/releases/download/v2.15.1/hadolint-macos-arm64"
url_api = "https://api.github.com/repos/hadolint/hadolint/releases/assets/496546505"

[[tools.python]]
version = "3.14.7"
backend = "core:python"
specifiers = ["3.14.7"]

[tools.python."platforms.linux-x64"]
checksum = "sha256:3959f92825141e04adf44982d3a83ee57af0877e893b0796e04c1468749d9b04"
url = "https://github.com/astral-sh/python-build-standalone/releases/download/20260901/cpython-3.14.7+20260901-x86_64-unknown-linux-gnu-install_only_stripped.tar.gz"

[tools.python."platforms.macos-arm64"]
checksum = "sha256:4632cb1a6edad9e73d3c81b6d2e69131637d995173e3e85005df14102b0592ba"
url = "https://github.com/astral-sh/python-build-standalone/releases/download/20260901/cpython-3.14.7+20260901-aarch64-apple-darwin-install_only_stripped.tar.gz"

[[tools.trivy]]
version = "0.74.0"
backend = "aqua:aquasecurity/trivy"
specifiers = ["0.74.0"]

[tools.trivy."platforms.linux-x64"]
checksum = "sha256:2ae6fe3ee734b7fdf11335663e18c75ea12dccc76062f09f164a3b0f8be4371a"
url = "https://github.com/aquasecurity/trivy/releases/download/v0.74.0/trivy_0.74.0_Linux-64bit.tar.gz"
url_api = "https://api.github.com/repos/aquasecurity/trivy/releases/assets/514339431"

[tools.trivy."platforms.macos-arm64"]
checksum = "sha256:1caada5e0e2091909357c7525d3aa76f4b660b13821bc143b190c7483e31cc11"
url = "https://github.com/aquasecurity/trivy/releases/download/v0.74.0/trivy_0.74.0_macOS-ARM64.tar.gz"
url_api = "https://api.github.com/repos/aquasecurity/trivy/releases/assets/514339464"

[[tools.zizmor]]
version = "1.17.0"
backend = "aqua:zizmorcore/zizmor"
specifiers = ["1.17.0"]

[tools.zizmor."platforms.linux-x64"]
checksum = "sha256:d8c3d6d14ecd442fbfb87706f120736cee84b04c511834a34527adfc968f8108"
url = "https://github.com/zizmorcore/zizmor/releases/download/v1.17.0/zizmor-x86_64-unknown-linux-gnu.tar.gz"
url_api = "https://api.github.com/repos/zizmorcore/zizmor/releases/assets/320772669"

[tools.zizmor."platforms.macos-arm64"]
checksum = "sha256:4d13fd9a78be35d435457f9712e781d00f9694909cc3baf78c18604c07a82bda"
url = "https://github.com/zizmorcore/zizmor/releases/download/v1.17.0/zizmor-aarch64-apple-darwin.tar.gz"
url_api = "https://api.github.com/repos/zizmorcore/zizmor/releases/assets/320772665"
